
Microsoft Visual Studio Solution File, Format Version 12.00
# Visual Studio Version 17
VisualStudioVersion = 17.5.002.0
MinimumVisualStudioVersion = 10.0.40219.1
Project("{9A19103F-16F7-4668-BE54-9A1E7A4F7556}") = "MangaReaderCrawler.Application", "MangaReaderCrawler.Application\MangaReaderCrawler.Application.csproj", "{676CDF13-BCBD-4804-B89F-BE4079D4226C}"
EndProject
Project("{9A19103F-16F7-4668-BE54-9A1E7A4F7556}") = "MangaReaderCrawler.ConsoleApp", "MangaReaderCrawler.ConsoleApp\MangaReaderCrawler.ConsoleApp.csproj", "{2B671779-37D6-416C-B8CC-C675A56C849A}"
EndProject
Global
	GlobalSection(SolutionConfigurationPlatforms) = preSolution
		Debug|Any CPU = Debug|Any CPU
		Release|Any CPU = Release|Any CPU
	EndGlobalSection
	GlobalSection(ProjectConfigurationPlatforms) = postSolution
		{676CDF13-BCBD-4804-B89F-BE4079D4226C}.Debug|Any CPU.ActiveCfg = Debug|Any CPU
		{676CDF13-BCBD-4804-B89F-BE4079D4226C}.Debug|Any CPU.Build.0 = Debug|Any CPU
		{676CDF13-BCBD-4804-B89F-BE4079D4226C}.Release|Any CPU.ActiveCfg = Release|Any CPU
		{676CDF13-BCBD-4804-B89F-BE4079D4226C}.Release|Any CPU.Build.0 = Release|Any CPU
		{2B671779-37D6-416C-B8CC-C675A56C849A}.Debug|Any CPU.ActiveCfg = Debug|Any CPU
		{2B671779-37D6-416C-B8CC-C675A56C849A}.Debug|Any CPU.Build.0 = Debug|Any CPU
		{2B671779-37D6-416C-B8CC-C675A56C849A}.Release|Any CPU.ActiveCfg = Release|Any CPU
		{2B671779-37D6-416C-B8CC-C675A56C849A}.Release|Any CPU.Build.0 = Release|Any CPU
	EndGlobalSection
	GlobalSection(SolutionProperties) = preSolution
		HideSolutionNode = FALSE
	EndGlobalSection
	GlobalSection(ExtensibilityGlobals) = postSolution
		SolutionGuid = {FFFB895C-58CD-40C0-8541-EBF1FC472D00}
	EndGlobalSection
EndGlobal
